
Microsoft Visual Studio Solution File, Format Version 12.00
# Visual Studio 15
VisualStudioVersion = 15.0.28010.2048
MinimumVisualStudioVersion = 10.0.40219.1
Project("{FAE04EC0-301F-11D3-BF4B-00C04F79EFBC}") = "RazorPagesLearning", "RazorPagesLearning\RazorPagesLearning.csproj", "{95228A0A-0E3B-4C88-A80E-00079627C41D}"
EndProject
Project("{FAE04EC0-301F-11D3-BF4B-00C04F79EFBC}") = "RazorPagesLearning.Data", "RazorPagesLearning.Data\RazorPagesLearning.Data.csproj", "{ECB14F45-0E65-4157-8215-8CB69BF18F97}"
EndProject
Project("{FAE04EC0-301F-11D3-BF4B-00C04F79EFBC}") = "RazorPagesLearning.Report", "RazorPagesLearning.Report\RazorPagesLearning.Report.csproj", "{FC26D2F8-3057-4428-B839-5D2AD4D977C3}"
EndProject
Project("{FAE04EC0-301F-11D3-BF4B-00C04F79EFBC}") = "RazorPagesLearning.Service", "RazorPagesLearning.Service\RazorPagesLearning.Service.csproj", "{33CB5A61-5354-44F1-9C65-6B173E0EAC4E}"
EndProject
Global
	GlobalSection(SolutionConfigurationPlatforms) = preSolution
		Debug|Any CPU = Debug|Any CPU
		Release|Any CPU = Release|Any CPU
	EndGlobalSection
	GlobalSection(ProjectConfigurationPlatforms) = postSolution
		{95228A0A-0E3B-4C88-A80E-00079627C41D}.Debug|Any CPU.ActiveCfg = Debug|Any CPU
		{95228A0A-0E3B-4C88-A80E-00079627C41D}.Debug|Any CPU.Build.0 = Debug|Any CPU
		{95228A0A-0E3B-4C88-A80E-00079627C41D}.Release|Any CPU.ActiveCfg = Release|Any CPU
		{95228A0A-0E3B-4C88-A80E-00079627C41D}.Release|Any CPU.Build.0 = Release|Any CPU
		{ECB14F45-0E65-4157-8215-8CB69BF18F97}.Debug|Any CPU.ActiveCfg = Debug|Any CPU
		{ECB14F45-0E65-4157-8215-8CB69BF18F97}.Debug|Any CPU.Build.0 = Debug|Any CPU
		{ECB14F45-0E65-4157-8215-8CB69BF18F97}.Release|Any CPU.ActiveCfg = Release|Any CPU
		{ECB14F45-0E65-4157-8215-8CB69BF18F97}.Release|Any CPU.Build.0 = Release|Any CPU
		{FC26D2F8-3057-4428-B839-5D2AD4D977C3}.Debug|Any CPU.ActiveCfg = Debug|Any CPU
		{FC26D2F8-3057-4428-B839-5D2AD4D977C3}.Debug|Any CPU.Build.0 = Debug|Any CPU
		{FC26D2F8-3057-4428-B839-5D2AD4D977C3}.Release|Any CPU.ActiveCfg = Release|Any CPU
		{FC26D2F8-3057-4428-B839-5D2AD4D977C3}.Release|Any CPU.Build.0 = Release|Any CPU
		{33CB5A61-5354-44F1-9C65-6B173E0EAC4E}.Debug|Any CPU.ActiveCfg = Debug|Any CPU
		{33CB5A61-5354-44F1-9C65-6B173E0EAC4E}.Debug|Any CPU.Build.0 = Debug|Any CPU
		{33CB5A61-5354-44F1-9C65-6B173E0EAC4E}.Release|Any CPU.ActiveCfg = Release|Any CPU
		{33CB5A61-5354-44F1-9C65-6B173E0EAC4E}.Release|Any CPU.Build.0 = Release|Any CPU
	EndGlobalSection
	GlobalSection(SolutionProperties) = preSolution
		HideSolutionNode = FALSE
	EndGlobalSection
	GlobalSection(ExtensibilityGlobals) = postSolution
		SolutionGuid = {FE0A5B08-1560-41D7-8378-04746667BA66}
	EndGlobalSection
EndGlobal
